
Microsoft Visual Studio Solution File, Format Version 12.00
# Visual Studio 14
VisualStudioVersion = 14.0.25123.0
MinimumVisualStudioVersion = 10.0.40219.1
Project("{FAE04EC0-301F-11D3-BF4B-00C04F79EFBC}") = "ProyectoCSharp.WinForms", "ProyectoCSharp.WinForms\ProyectoCSharp.WinForms.csproj", "{9BE6ABE1-A3CD-48D1-8126-CF7BDDE8B675}"
	ProjectSection(ProjectDependencies) = postProject
		{D541F77F-186B-4DE2-A101-9A3F601BD6EE} = {D541F77F-186B-4DE2-A101-9A3F601BD6EE}
	EndProjectSection
EndProject
Project("{FAE04EC0-301F-11D3-BF4B-00C04F79EFBC}") = "ProyectoCSharp.Libreria", "ProyectoCSharp.Libreria\ProyectoCSharp.Libreria.csproj", "{D541F77F-186B-4DE2-A101-9A3F601BD6EE}"
EndProject
Global
	GlobalSection(SolutionConfigurationPlatforms) = preSolution
		Debug|Any CPU = Debug|Any CPU
		Release|Any CPU = Release|Any CPU
	EndGlobalSection
	GlobalSection(ProjectConfigurationPlatforms) = postSolution
		{9BE6ABE1-A3CD-48D1-8126-CF7BDDE8B675}.Debug|Any CPU.ActiveCfg = Debug|Any CPU
		{9BE6ABE1-A3CD-48D1-8126-CF7BDDE8B675}.Debug|Any CPU.Build.0 = Debug|Any CPU
		{9BE6ABE1-A3CD-48D1-8126-CF7BDDE8B675}.Release|Any CPU.ActiveCfg = Release|Any CPU
		{9BE6ABE1-A3CD-48D1-8126-CF7BDDE8B675}.Release|Any CPU.Build.0 = Release|Any CPU
		{D541F77F-186B-4DE2-A101-9A3F601BD6EE}.Debug|Any CPU.ActiveCfg = Debug|Any CPU
		{D541F77F-186B-4DE2-A101-9A3F601BD6EE}.Debug|Any CPU.Build.0 = Debug|Any CPU
		{D541F77F-186B-4DE2-A101-9A3F601BD6EE}.Release|Any CPU.ActiveCfg = Release|Any CPU
		{D541F77F-186B-4DE2-A101-9A3F601BD6EE}.Release|Any CPU.Build.0 = Release|Any CPU
	EndGlobalSection
	GlobalSection(SolutionProperties) = preSolution
		HideSolutionNode = FALSE
	EndGlobalSection
EndGlobal
